
Microsoft Visual Studio Solution File, Format Version 12.00
# Visual Studio Version 16
VisualStudioVersion = 16.0.31702.278
MinimumVisualStudioVersion = 10.0.40219.1
Project("{FAE04EC0-301F-11D3-BF4B-00C04F79EFBC}") = "Ionascu_Ioan-Adrian_lab5", "Ionascu_Ioan-Adrian_lab5.csproj", "{D95530C8-4C9F-461E-A150-052A8A9AC9F5}"
EndProject
Project("{FAE04EC0-301F-11D3-BF4B-00C04F79EFBC}") = "AutoLotModel", "..\AutoLotModel\AutoLotModel.csproj", "{81927A88-5AD6-44AA-B804-9DE32C9BBB89}"
EndProject
Global
	GlobalSection(SolutionConfigurationPlatforms) = preSolution
		Debug|Any CPU = Debug|Any CPU
		Release|Any CPU = Release|Any CPU
	EndGlobalSection
	GlobalSection(ProjectConfigurationPlatforms) = postSolution
		{D95530C8-4C9F-461E-A150-052A8A9AC9F5}.Debug|Any CPU.ActiveCfg = Debug|Any CPU
		{D95530C8-4C9F-461E-A150-052A8A9AC9F5}.Debug|Any CPU.Build.0 = Debug|Any CPU
		{D95530C8-4C9F-461E-A150-052A8A9AC9F5}.Release|Any CPU.ActiveCfg = Release|Any CPU
		{D95530C8-4C9F-461E-A150-052A8A9AC9F5}.Release|Any CPU.Build.0 = Release|Any CPU
		{81927A88-5AD6-44AA-B804-9DE32C9BBB89}.Debug|Any CPU.ActiveCfg = Debug|Any CPU
		{81927A88-5AD6-44AA-B804-9DE32C9BBB89}.Debug|Any CPU.Build.0 = Debug|Any CPU
		{81927A88-5AD6-44AA-B804-9DE32C9BBB89}.Release|Any CPU.ActiveCfg = Release|Any CPU
		{81927A88-5AD6-44AA-B804-9DE32C9BBB89}.Release|Any CPU.Build.0 = Release|Any CPU
	EndGlobalSection
	GlobalSection(SolutionProperties) = preSolution
		HideSolutionNode = FALSE
	EndGlobalSection
	GlobalSection(ExtensibilityGlobals) = postSolution
		SolutionGuid = {2F9A1F3E-51C1-4587-8969-BE19CB539739}
	EndGlobalSection
EndGlobal
